{
  "version": 4,
  "terraform_version": "1.8.2",
  "serial": 12,
  "lineage": "acefb970-105f-630f-25cc-8c48870fa985",
  "outputs": {},
  "resources": [
    {
      "module": "module.createafsvm[\"vm1\"]",
      "mode": "data",
      "type": "azurerm_resource_group",
      "name": "rg",
      "provider": "provider[\"registry.terraform.io/hashicorp/azurerm\"]",
      "instances": [
        {
          "schema_version": 0,
          "attributes": {
            "id": "/subscriptions/b437f37b-b750-489e-bc55-43044286f6e1/resourceGroups/afs-autoextend-resize-rg",
            "location": "westeurope",
            "name": "afs-autoextend-resize-rg",
            "tags": {},
            "timeouts": null
          },
          "sensitive_attributes": []
        }
      ]
    },
    {
      "module": "module.createafsvm[\"vm1\"]",
      "mode": "managed",
      "type": "azurerm_linux_virtual_machine",
      "name": "vm",
      "provider": "provider[\"registry.terraform.io/hashicorp/azurerm\"]",
      "instances": [
        {
          "schema_version": 0,
          "attributes": {
            "additional_capabilities": [],
            "admin_password": "Terraform@123!",
            "admin_ssh_key": [],
            "admin_username": "adminuser",
            "allow_extension_operations": true,
            "availability_set_id": "",
            "boot_diagnostics": [],
            "capacity_reservation_group_id": "",
            "computer_name": "azpoe-afsresize-bugfix-vm",
            "custom_data": null,
            "dedicated_host_group_id": "",
            "dedicated_host_id": "",
            "disable_password_authentication": false,
            "edge_zone": "",
            "encryption_at_host_enabled": false,
            "eviction_policy": "",
            "extensions_time_budget": "PT1H30M",
            "gallery_application": [],
            "id": "/subscriptions/b437f37b-b750-489e-bc55-43044286f6e1/resourceGroups/afs-autoextend-resize-rg/providers/Microsoft.Compute/virtualMachines/azpoe-afsresize-bugfix-vm",
            "identity": [],
            "license_type": "",
            "location": "westeurope",
            "max_bid_price": -1,
            "name": "azpoe-afsresize-bugfix-vm",
            "network_interface_ids": [
              "/subscriptions/b437f37b-b750-489e-bc55-43044286f6e1/resourceGroups/afs-autoextend-resize-rg/providers/Microsoft.Network/networkInterfaces/azpoe-afsresize-bugfix-nic"
            ],
            "os_disk": [
              {
                "caching": "ReadWrite",
                "diff_disk_settings": [],
                "disk_encryption_set_id": "",
                "disk_size_gb": 30,
                "name": "azpoe-afsresize-bugfix-vm_OsDisk_1_a7db4e28399746128ecd5b0b638b283d",
                "secure_vm_disk_encryption_set_id": "",
                "security_encryption_type": "",
                "storage_account_type": "Standard_LRS",
                "write_accelerator_enabled": false
              }
            ],
            "patch_assessment_mode": "ImageDefault",
            "patch_mode": "ImageDefault",
            "plan": [],
            "platform_fault_domain": -1,
            "priority": "Regular",
            "private_ip_address": "10.0.1.4",
            "private_ip_addresses": [
              "10.0.1.4"
            ],
            "provision_vm_agent": true,
            "proximity_placement_group_id": "",
            "public_ip_address": "172.211.241.85",
            "public_ip_addresses": [
              "172.211.241.85"
            ],
            "resource_group_name": "afs-autoextend-resize-rg",
            "secret": [],
            "secure_boot_enabled": false,
            "size": "Standard_DS1_v2",
            "source_image_id": "",
            "source_image_reference": [
              {
                "offer": "sles-15-sp5-basic",
                "publisher": "suse",
                "sku": "gen2",
                "version": "latest"
              }
            ],
            "tags": null,
            "termination_notification": null,
            "timeouts": null,
            "user_data": "",
            "virtual_machine_id": "d6f7e378-1faa-47b3-a403-6be1299c1207",
            "virtual_machine_scale_set_id": "",
            "vtpm_enabled": false,
            "zone": ""
          },
          "sensitive_attributes": [
            [
              {
                "type": "get_attr",
                "value": "admin_password"
              }
            ],
            [
              {
                "type": "get_attr",
                "value": "custom_data"
              }
            ]
          ],
          "private": "eyJlMmJmYjczMC1lY2FhLTExZTYtOGY4OC0zNDM2M2JjN2M0YzAiOnsiY3JlYXRlIjoyNzAwMDAwMDAwMDAwLCJkZWxldGUiOjI3MDAwMDAwMDAwMDAsInJlYWQiOjMwMDAwMDAwMDAwMCwidXBkYXRlIjoyNzAwMDAwMDAwMDAwfX0=",
          "dependencies": [
            "module.createafsvm.azurerm_network_interface.nic",
            "module.createafsvm.azurerm_public_ip.public_ip",
            "module.createafsvm.azurerm_subnet.subnet",
            "module.createafsvm.azurerm_virtual_network.vnet",
            "module.createafsvm.data.azurerm_resource_group.rg"
          ]
        }
      ]
    },
    {
      "module": "module.createafsvm[\"vm1\"]",
      "mode": "managed",
      "type": "azurerm_network_interface",
      "name": "nic",
      "provider": "provider[\"registry.terraform.io/hashicorp/azurerm\"]",
      "instances": [
        {
          "schema_version": 0,
          "attributes": {
            "applied_dns_servers": [],
            "dns_servers": [],
            "edge_zone": "",
            "enable_accelerated_networking": false,
            "enable_ip_forwarding": false,
            "id": "/subscriptions/b437f37b-b750-489e-bc55-43044286f6e1/resourceGroups/afs-autoextend-resize-rg/providers/Microsoft.Network/networkInterfaces/azpoe-afsresize-bugfix-nic",
            "internal_dns_name_label": "",
            "internal_domain_name_suffix": "upvtagp1l51unb3qkw5iy1zf2f.ax.internal.cloudapp.net",
            "ip_configuration": [
              {
                "gateway_load_balancer_frontend_ip_configuration_id": "",
                "name": "azpoe-afsresize-bugfix-nic-config",
                "primary": true,
                "private_ip_address": "10.0.1.4",
                "private_ip_address_allocation": "Dynamic",
                "private_ip_address_version": "IPv4",
                "public_ip_address_id": "/subscriptions/b437f37b-b750-489e-bc55-43044286f6e1/resourceGroups/afs-autoextend-resize-rg/providers/Microsoft.Network/publicIPAddresses/azpoe-afsresize-bugfix-pip",
                "subnet_id": "/subscriptions/b437f37b-b750-489e-bc55-43044286f6e1/resourceGroups/afs-autoextend-resize-rg/providers/Microsoft.Network/virtualNetworks/azpoe-afsresize-bugfix-vnet/subnets/azpoe-afsresize-bugfix-subnet"
              }
            ],
            "location": "westeurope",
            "mac_address": "",
            "name": "azpoe-afsresize-bugfix-nic",
            "private_ip_address": "10.0.1.4",
            "private_ip_addresses": [
              "10.0.1.4"
            ],
            "resource_group_name": "afs-autoextend-resize-rg",
            "tags": {},
            "timeouts": null,
            "virtual_machine_id": ""
          },
          "sensitive_attributes": [],
          "private": "eyJlMmJmYjczMC1lY2FhLTExZTYtOGY4OC0zNDM2M2JjN2M0YzAiOnsiY3JlYXRlIjoxODAwMDAwMDAwMDAwLCJkZWxldGUiOjE4MDAwMDAwMDAwMDAsInJlYWQiOjMwMDAwMDAwMDAwMCwidXBkYXRlIjoxODAwMDAwMDAwMDAwfX0=",
          "dependencies": [
            "module.createafsvm.azurerm_public_ip.public_ip",
            "module.createafsvm.azurerm_subnet.subnet",
            "module.createafsvm.azurerm_virtual_network.vnet",
            "module.createafsvm.data.azurerm_resource_group.rg"
          ]
        }
      ]
    },
    {
      "module": "module.createafsvm[\"vm1\"]",
      "mode": "managed",
      "type": "azurerm_network_interface_security_group_association",
      "name": "main",
      "provider": "provider[\"registry.terraform.io/hashicorp/azurerm\"]",
      "instances": [
        {
          "schema_version": 0,
          "attributes": {
            "id": "/subscriptions/b437f37b-b750-489e-bc55-43044286f6e1/resourceGroups/afs-autoextend-resize-rg/providers/Microsoft.Network/networkInterfaces/azpoe-afsresize-bugfix-nic|/subscriptions/b437f37b-b750-489e-bc55-43044286f6e1/resourceGroups/afs-autoextend-resize-rg/providers/Microsoft.Network/networkSecurityGroups/azpoe-afsresize-bugfix-nsg",
            "network_interface_id": "/subscriptions/b437f37b-b750-489e-bc55-43044286f6e1/resourceGroups/afs-autoextend-resize-rg/providers/Microsoft.Network/networkInterfaces/azpoe-afsresize-bugfix-nic",
            "network_security_group_id": "/subscriptions/b437f37b-b750-489e-bc55-43044286f6e1/resourceGroups/afs-autoextend-resize-rg/providers/Microsoft.Network/networkSecurityGroups/azpoe-afsresize-bugfix-nsg",
            "timeouts": null
          },
          "sensitive_attributes": [],
          "private": "eyJlMmJmYjczMC1lY2FhLTExZTYtOGY4OC0zNDM2M2JjN2M0YzAiOnsiY3JlYXRlIjoxODAwMDAwMDAwMDAwLCJkZWxldGUiOjE4MDAwMDAwMDAwMDAsInJlYWQiOjMwMDAwMDAwMDAwMCwidXBkYXRlIjoxODAwMDAwMDAwMDAwfX0=",
          "dependencies": [
            "module.createafsvm.azurerm_network_interface.nic",
            "module.createafsvm.azurerm_network_security_group.nsg",
            "module.createafsvm.azurerm_public_ip.public_ip",
            "module.createafsvm.azurerm_subnet.subnet",
            "module.createafsvm.azurerm_virtual_network.vnet",
            "module.createafsvm.data.azurerm_resource_group.rg"
          ]
        }
      ]
    },
    {
      "module": "module.createafsvm[\"vm1\"]",
      "mode": "managed",
      "type": "azurerm_network_security_group",
      "name": "nsg",
      "provider": "provider[\"registry.terraform.io/hashicorp/azurerm\"]",
      "instances": [
        {
          "schema_version": 0,
          "attributes": {
            "id": "/subscriptions/b437f37b-b750-489e-bc55-43044286f6e1/resourceGroups/afs-autoextend-resize-rg/providers/Microsoft.Network/networkSecurityGroups/azpoe-afsresize-bugfix-nsg",
            "location": "westeurope",
            "name": "azpoe-afsresize-bugfix-nsg",
            "resource_group_name": "afs-autoextend-resize-rg",
            "security_rule": [
              {
                "access": "Allow",
                "description": "",
                "destination_address_prefix": "*",
                "destination_address_prefixes": [],
                "destination_application_security_group_ids": [],
                "destination_port_range": "3389",
                "destination_port_ranges": [],
                "direction": "Inbound",
                "name": "RDP",
                "priority": 300,
                "protocol": "Tcp",
                "source_address_prefix": "165.1.238.44",
                "source_address_prefixes": [],
                "source_application_security_group_ids": [],
                "source_port_range": "*",
                "source_port_ranges": []
              }
            ],
            "tags": {},
            "timeouts": null
          },
          "sensitive_attributes": [],
          "private": "eyJlMmJmYjczMC1lY2FhLTExZTYtOGY4OC0zNDM2M2JjN2M0YzAiOnsiY3JlYXRlIjoxODAwMDAwMDAwMDAwLCJkZWxldGUiOjE4MDAwMDAwMDAwMDAsInJlYWQiOjMwMDAwMDAwMDAwMCwidXBkYXRlIjoxODAwMDAwMDAwMDAwfX0=",
          "dependencies": [
            "module.createafsvm.data.azurerm_resource_group.rg"
          ]
        }
      ]
    },
    {
      "module": "module.createafsvm[\"vm1\"]",
      "mode": "managed",
      "type": "azurerm_public_ip",
      "name": "public_ip",
      "provider": "provider[\"registry.terraform.io/hashicorp/azurerm\"]",
      "instances": [
        {
          "schema_version": 0,
          "attributes": {
            "allocation_method": "Static",
            "ddos_protection_mode": "VirtualNetworkInherited",
            "ddos_protection_plan_id": null,
            "domain_name_label": null,
            "edge_zone": "",
            "fqdn": null,
            "id": "/subscriptions/b437f37b-b750-489e-bc55-43044286f6e1/resourceGroups/afs-autoextend-resize-rg/providers/Microsoft.Network/publicIPAddresses/azpoe-afsresize-bugfix-pip",
            "idle_timeout_in_minutes": 4,
            "ip_address": "172.211.241.85",
            "ip_tags": {},
            "ip_version": "IPv4",
            "location": "westeurope",
            "name": "azpoe-afsresize-bugfix-pip",
            "public_ip_prefix_id": null,
            "resource_group_name": "afs-autoextend-resize-rg",
            "reverse_fqdn": null,
            "sku": "Standard",
            "sku_tier": "Regional",
            "tags": {},
            "timeouts": null,
            "zones": [
              "1"
            ]
          },
          "sensitive_attributes": [],
          "private": "eyJlMmJmYjczMC1lY2FhLTExZTYtOGY4OC0zNDM2M2JjN2M0YzAiOnsiY3JlYXRlIjoxODAwMDAwMDAwMDAwLCJkZWxldGUiOjE4MDAwMDAwMDAwMDAsInJlYWQiOjMwMDAwMDAwMDAwMCwidXBkYXRlIjoxODAwMDAwMDAwMDAwfX0=",
          "dependencies": [
            "module.createafsvm.data.azurerm_resource_group.rg"
          ]
        }
      ]
    },
    {
      "module": "module.createafsvm[\"vm1\"]",
      "mode": "managed",
      "type": "azurerm_subnet",
      "name": "subnet",
      "provider": "provider[\"registry.terraform.io/hashicorp/azurerm\"]",
      "instances": [
        {
          "schema_version": 0,
          "attributes": {
            "address_prefixes": [
              "10.0.1.0/24"
            ],
            "delegation": [],
            "enforce_private_link_endpoint_network_policies": false,
            "enforce_private_link_service_network_policies": false,
            "id": "/subscriptions/b437f37b-b750-489e-bc55-43044286f6e1/resourceGroups/afs-autoextend-resize-rg/providers/Microsoft.Network/virtualNetworks/azpoe-afsresize-bugfix-vnet/subnets/azpoe-afsresize-bugfix-subnet",
            "name": "azpoe-afsresize-bugfix-subnet",
            "private_endpoint_network_policies_enabled": true,
            "private_link_service_network_policies_enabled": true,
            "resource_group_name": "afs-autoextend-resize-rg",
            "service_endpoint_policy_ids": [],
            "service_endpoints": [],
            "timeouts": null,
            "virtual_network_name": "azpoe-afsresize-bugfix-vnet"
          },
          "sensitive_attributes": [],
          "private": "eyJlMmJmYjczMC1lY2FhLTExZTYtOGY4OC0zNDM2M2JjN2M0YzAiOnsiY3JlYXRlIjoxODAwMDAwMDAwMDAwLCJkZWxldGUiOjE4MDAwMDAwMDAwMDAsInJlYWQiOjMwMDAwMDAwMDAwMCwidXBkYXRlIjoxODAwMDAwMDAwMDAwfX0=",
          "dependencies": [
            "module.createafsvm.azurerm_virtual_network.vnet",
            "module.createafsvm.data.azurerm_resource_group.rg"
          ]
        }
      ]
    },
    {
      "module": "module.createafsvm[\"vm1\"]",
      "mode": "managed",
      "type": "azurerm_virtual_network",
      "name": "vnet",
      "provider": "provider[\"registry.terraform.io/hashicorp/azurerm\"]",
      "instances": [
        {
          "schema_version": 0,
          "attributes": {
            "address_space": [
              "10.0.0.0/16"
            ],
            "bgp_community": "",
            "ddos_protection_plan": [],
            "dns_servers": [],
            "edge_zone": "",
            "flow_timeout_in_minutes": 0,
            "guid": "1930eba3-5ffb-46f7-87b0-55be8c6f25e5",
            "id": "/subscriptions/b437f37b-b750-489e-bc55-43044286f6e1/resourceGroups/afs-autoextend-resize-rg/providers/Microsoft.Network/virtualNetworks/azpoe-afsresize-bugfix-vnet",
            "location": "westeurope",
            "name": "azpoe-afsresize-bugfix-vnet",
            "resource_group_name": "afs-autoextend-resize-rg",
            "subnet": [
              {
                "address_prefix": "10.0.1.0/24",
                "id": "/subscriptions/b437f37b-b750-489e-bc55-43044286f6e1/resourceGroups/afs-autoextend-resize-rg/providers/Microsoft.Network/virtualNetworks/azpoe-afsresize-bugfix-vnet/subnets/azpoe-afsresize-bugfix-subnet",
                "name": "azpoe-afsresize-bugfix-subnet",
                "security_group": ""
              }
            ],
            "tags": {},
            "timeouts": null
          },
          "sensitive_attributes": [],
          "private": "eyJlMmJmYjczMC1lY2FhLTExZTYtOGY4OC0zNDM2M2JjN2M0YzAiOnsiY3JlYXRlIjoxODAwMDAwMDAwMDAwLCJkZWxldGUiOjE4MDAwMDAwMDAwMDAsInJlYWQiOjMwMDAwMDAwMDAwMCwidXBkYXRlIjoxODAwMDAwMDAwMDAwfX0=",
          "dependencies": [
            "module.createafsvm.data.azurerm_resource_group.rg"
          ]
        }
      ]
    }
  ],
  "check_results": null
}
